
Microsoft Visual Studio Solution File, Format Version 12.00
# Visual Studio Version 17
VisualStudioVersion = 17.3.32901.215
MinimumVisualStudioVersion = 10.0.40219.1
Project("{FAE04EC0-301F-11D3-BF4B-00C04F79EFBC}") = "P6_4_1214066", "P6_4_1214066\P6_4_1214066.csproj", "{AB2EBCA1-4D2C-41A8-A46F-5E49C88F009B}"
EndProject
Global
	GlobalSection(SolutionConfigurationPlatforms) = preSolution
		Debug|Any CPU = Debug|Any CPU
		Release|Any CPU = Release|Any CPU
	EndGlobalSection
	GlobalSection(ProjectConfigurationPlatforms) = postSolution
		{AB2EBCA1-4D2C-41A8-A46F-5E49C88F009B}.Debug|Any CPU.ActiveCfg = Debug|Any CPU
		{AB2EBCA1-4D2C-41A8-A46F-5E49C88F009B}.Debug|Any CPU.Build.0 = Debug|Any CPU
		{AB2EBCA1-4D2C-41A8-A46F-5E49C88F009B}.Release|Any CPU.ActiveCfg = Release|Any CPU
		{AB2EBCA1-4D2C-41A8-A46F-5E49C88F009B}.Release|Any CPU.Build.0 = Release|Any CPU
	EndGlobalSection
	GlobalSection(SolutionProperties) = preSolution
		HideSolutionNode = FALSE
	EndGlobalSection
	GlobalSection(ExtensibilityGlobals) = postSolution
		SolutionGuid = {DEA17A0D-47EB-4E68-8297-A6954E0B8216}
	EndGlobalSection
EndGlobal
